// !$*UTF8*$!
{
	archiveVersion = 1;
	classes = {
	};
	objectVersion = 50;
	objects = {

/* Begin PBXBuildFile section */
		C301E70121F3D3C9006A6599 /* dataHolders.swift in Sources */ = {isa = PBXBuildFile; fileRef = C301E70021F3D3C9006A6599 /* dataHolders.swift */; };
		C301E70321F3E9C6006A6599 /* MapSheetViewController.swift in Sources */ = {isa = PBXBuildFile; fileRef = C301E70221F3E9C6006A6599 /* MapSheetViewController.swift */; };
		C349E9AE21F42B7F0080FD46 /* CharacterSheetViewController.swift in Sources */ = {isa = PBXBuildFile; fileRef = C349E9AD21F42B7F0080FD46 /* CharacterSheetViewController.swift */; };
		C349E9B021F42BEA0080FD46 /* CharacterGenericDataViewController.swift in Sources */ = {isa = PBXBuildFile; fileRef = C349E9AF21F42BEA0080FD46 /* CharacterGenericDataViewController.swift */; };
		C349E9B921F446AD0080FD46 /* ErrorViewController.swift in Sources */ = {isa = PBXBuildFile; fileRef = C349E9B821F446AD0080FD46 /* ErrorViewController.swift */; };
		C349E9BC21F44A7D0080FD46 /* CharacterEditorViewController.swift in Sources */ = {isa = PBXBuildFile; fileRef = C349E9BA21F44A7D0080FD46 /* CharacterEditorViewController.swift */; };
		C39BF31E21EBEC4800AA4E81 /* AppDelegate.swift in Sources */ = {isa = PBXBuildFile; fileRef = C39BF31D21EBEC4800AA4E81 /* AppDelegate.swift */; };
		C39BF32021EBEC4800AA4E81 /* ViewController.swift in Sources */ = {isa = PBXBuildFile; fileRef = C39BF31F21EBEC4800AA4E81 /* ViewController.swift */; };
		C39BF32221EBEC4800AA4E81 /* Document.swift in Sources */ = {isa = PBXBuildFile; fileRef = C39BF32121EBEC4800AA4E81 /* Document.swift */; };
		C39BF32421EBEC4800AA4E81 /* Assets.xcassets in Resources */ = {isa = PBXBuildFile; fileRef = C39BF32321EBEC4800AA4E81 /* Assets.xcassets */; };
		C39BF32721EBEC4800AA4E81 /* Main.storyboard in Resources */ = {isa = PBXBuildFile; fileRef = C39BF32521EBEC4800AA4E81 /* Main.storyboard */; };
		C39D308521F1960D00BDA668 /* OverviewItem.swift in Sources */ = {isa = PBXBuildFile; fileRef = C39D308421F1960D00BDA668 /* OverviewItem.swift */; };
		C39D308721F1D4F100BDA668 /* EditorViewController.swift in Sources */ = {isa = PBXBuildFile; fileRef = C39D308621F1D4F100BDA668 /* EditorViewController.swift */; };
		C39D308921F1DAEB00BDA668 /* MapEditorViewController.swift in Sources */ = {isa = PBXBuildFile; fileRef = C39D308821F1DAEB00BDA668 /* MapEditorViewController.swift */; };
		C39D308B21F1DC4300BDA668 /* EditorTab.swift in Sources */ = {isa = PBXBuildFile; fileRef = C39D308A21F1DC4300BDA668 /* EditorTab.swift */; };
		C39D308F21F3394500BDA668 /* AddGameElementButton.swift in Sources */ = {isa = PBXBuildFile; fileRef = C39D308E21F3394500BDA668 /* AddGameElementButton.swift */; };
		C3DC33BE21F12ADA00EA57F2 /* GameData.swift in Sources */ = {isa = PBXBuildFile; fileRef = C3DC33BD21F12ADA00EA57F2 /* GameData.swift */; };
		C3DC33C021F12AEF00EA57F2 /* MapData.swift in Sources */ = {isa = PBXBuildFile; fileRef = C3DC33BF21F12AEF00EA57F2 /* MapData.swift */; };
		C3DC33C221F12AFC00EA57F2 /* CharacterPlayableData.swift in Sources */ = {isa = PBXBuildFile; fileRef = C3DC33C121F12AFC00EA57F2 /* CharacterPlayableData.swift */; };
		C3DC33C421F12B0500EA57F2 /* CharacterUnplayableData.swift in Sources */ = {isa = PBXBuildFile; fileRef = C3DC33C321F12B0500EA57F2 /* CharacterUnplayableData.swift */; };
		C3DC33C621F12B0F00EA57F2 /* LocationData.swift in Sources */ = {isa = PBXBuildFile; fileRef = C3DC33C521F12B0F00EA57F2 /* LocationData.swift */; };
/* End PBXBuildFile section */

/* Begin PBXFileReference section */
		C301E70021F3D3C9006A6599 /* dataHolders.swift */ = {isa = PBXFileReference; lastKnownFileType = sourcecode.swift; path = dataHolders.swift; sourceTree = "<group>"; };
		C301E70221F3E9C6006A6599 /* MapSheetViewController.swift */ = {isa = PBXFileReference; lastKnownFileType = sourcecode.swift; path = MapSheetViewController.swift; sourceTree = "<group>"; };
		C349E9AD21F42B7F0080FD46 /* CharacterSheetViewController.swift */ = {isa = PBXFileReference; lastKnownFileType = sourcecode.swift; path = CharacterSheetViewController.swift; sourceTree = "<group>"; };
		C349E9AF21F42BEA0080FD46 /* CharacterGenericDataViewController.swift */ = {isa = PBXFileReference; lastKnownFileType = sourcecode.swift; path = CharacterGenericDataViewController.swift; sourceTree = "<group>"; };
		C349E9B821F446AD0080FD46 /* ErrorViewController.swift */ = {isa = PBXFileReference; lastKnownFileType = sourcecode.swift; path = ErrorViewController.swift; sourceTree = "<group>"; };
		C349E9BA21F44A7D0080FD46 /* CharacterEditorViewController.swift */ = {isa = PBXFileReference; lastKnownFileType = sourcecode.swift; path = CharacterEditorViewController.swift; sourceTree = "<group>"; };
		C39BF31A21EBEC4800AA4E81 /* RPGMill.app */ = {isa = PBXFileReference; explicitFileType = wrapper.application; includeInIndex = 0; path = RPGMill.app; sourceTree = BUILT_PRODUCTS_DIR; };
		C39BF31D21EBEC4800AA4E81 /* AppDelegate.swift */ = {isa = PBXFileReference; lastKnownFileType = sourcecode.swift; path = AppDelegate.swift; sourceTree = "<group>"; };
		C39BF31F21EBEC4800AA4E81 /* ViewController.swift */ = {isa = PBXFileReference; lastKnownFileType = sourcecode.swift; path = ViewController.swift; sourceTree = "<group>"; };
		C39BF32121EBEC4800AA4E81 /* Document.swift */ = {isa = PBXFileReference; lastKnownFileType = sourcecode.swift; path = Document.swift; sourceTree = "<group>"; };
		C39BF32321EBEC4800AA4E81 /* Assets.xcassets */ = {isa = PBXFileReference; lastKnownFileType = folder.assetcatalog; path = Assets.xcassets; sourceTree = "<group>"; };
		C39BF32621EBEC4800AA4E81 /* Base */ = {isa = PBXFileReference; lastKnownFileType = file.storyboard; name = Base; path = Base.lproj/Main.storyboard; sourceTree = "<group>"; };
		C39BF32821EBEC4800AA4E81 /* Info.plist */ = {isa = PBXFileReference; lastKnownFileType = text.plist.xml; path = Info.plist; sourceTree = "<group>"; };
		C39BF32921EBEC4800AA4E81 /* RPGMill.entitlements */ = {isa = PBXFileReference; lastKnownFileType = text.plist.entitlements; path = RPGMill.entitlements; sourceTree = "<group>"; };
		C39D308421F1960D00BDA668 /* OverviewItem.swift */ = {isa = PBXFileReference; lastKnownFileType = sourcecode.swift; path = OverviewItem.swift; sourceTree = "<group>"; };
		C39D308621F1D4F100BDA668 /* EditorViewController.swift */ = {isa = PBXFileReference; lastKnownFileType = sourcecode.swift; path = EditorViewController.swift; sourceTree = "<group>"; };
		C39D308821F1DAEB00BDA668 /* MapEditorViewController.swift */ = {isa = PBXFileReference; lastKnownFileType = sourcecode.swift; path = MapEditorViewController.swift; sourceTree = "<group>"; };
		C39D308A21F1DC4300BDA668 /* EditorTab.swift */ = {isa = PBXFileReference; lastKnownFileType = sourcecode.swift; path = EditorTab.swift; sourceTree = "<group>"; };
		C39D308E21F3394500BDA668 /* AddGameElementButton.swift */ = {isa = PBXFileReference; lastKnownFileType = sourcecode.swift; path = AddGameElementButton.swift; sourceTree = "<group>"; };
		C3DC33BD21F12ADA00EA57F2 /* GameData.swift */ = {isa = PBXFileReference; lastKnownFileType = sourcecode.swift; path = GameData.swift; sourceTree = "<group>"; };
		C3DC33BF21F12AEF00EA57F2 /* MapData.swift */ = {isa = PBXFileReference; lastKnownFileType = sourcecode.swift; path = MapData.swift; sourceTree = "<group>"; };
		C3DC33C121F12AFC00EA57F2 /* CharacterPlayableData.swift */ = {isa = PBXFileReference; lastKnownFileType = sourcecode.swift; path = CharacterPlayableData.swift; sourceTree = "<group>"; };
		C3DC33C321F12B0500EA57F2 /* CharacterUnplayableData.swift */ = {isa = PBXFileReference; lastKnownFileType = sourcecode.swift; path = CharacterUnplayableData.swift; sourceTree = "<group>"; };
		C3DC33C521F12B0F00EA57F2 /* LocationData.swift */ = {isa = PBXFileReference; lastKnownFileType = sourcecode.swift; path = LocationData.swift; sourceTree = "<group>"; };
/* End PBXFileReference section */

/* Begin PBXFrameworksBuildPhase section */
		C39BF31721EBEC4800AA4E81 /* Frameworks */ = {
			isa = PBXFrameworksBuildPhase;
			buildActionMask = 2147483647;
			files = (
			);
			runOnlyForDeploymentPostprocessing = 0;
		};
/* End PBXFrameworksBuildPhase section */

/* Begin PBXGroup section */
		C349E9B521F432770080FD46 /* SheetViewControllers */ = {
			isa = PBXGroup;
			children = (
				C349E9B821F446AD0080FD46 /* ErrorViewController.swift */,
				C301E70221F3E9C6006A6599 /* MapSheetViewController.swift */,
				C349E9AD21F42B7F0080FD46 /* CharacterSheetViewController.swift */,
			);
			name = SheetViewControllers;
			sourceTree = "<group>";
		};
		C349E9B621F4328F0080FD46 /* EditorViewControllers */ = {
			isa = PBXGroup;
			children = (
				C39D308A21F1DC4300BDA668 /* EditorTab.swift */,
				C39D308621F1D4F100BDA668 /* EditorViewController.swift */,
				C39D308821F1DAEB00BDA668 /* MapEditorViewController.swift */,
				C349E9BA21F44A7D0080FD46 /* CharacterEditorViewController.swift */,
			);
			name = EditorViewControllers;
			sourceTree = "<group>";
		};
		C349E9B721F432C20080FD46 /* Custom Elements */ = {
			isa = PBXGroup;
			children = (
				C39D308E21F3394500BDA668 /* AddGameElementButton.swift */,
			);
			name = "Custom Elements";
			sourceTree = "<group>";
		};
		C39BF31121EBEC4800AA4E81 = {
			isa = PBXGroup;
			children = (
				C39BF31C21EBEC4800AA4E81 /* RPGMill */,
				C39BF31B21EBEC4800AA4E81 /* Products */,
			);
			sourceTree = "<group>";
		};
		C39BF31B21EBEC4800AA4E81 /* Products */ = {
			isa = PBXGroup;
			children = (
				C39BF31A21EBEC4800AA4E81 /* RPGMill.app */,
			);
			name = Products;
			sourceTree = "<group>";
		};
		C39BF31C21EBEC4800AA4E81 /* RPGMill */ = {
			isa = PBXGroup;
			children = (
				C3DC33BC21F12A8500EA57F2 /* game classes */,
				C349E9B521F432770080FD46 /* SheetViewControllers */,
				C349E9B621F4328F0080FD46 /* EditorViewControllers */,
				C349E9B721F432C20080FD46 /* Custom Elements */,
				C39BF31D21EBEC4800AA4E81 /* AppDelegate.swift */,
				C39BF31F21EBEC4800AA4E81 /* ViewController.swift */,
				C39BF32121EBEC4800AA4E81 /* Document.swift */,
				C39D308421F1960D00BDA668 /* OverviewItem.swift */,
				C349E9AF21F42BEA0080FD46 /* CharacterGenericDataViewController.swift */,
				C39BF32321EBEC4800AA4E81 /* Assets.xcassets */,
				C39BF32521EBEC4800AA4E81 /* Main.storyboard */,
				C39BF32821EBEC4800AA4E81 /* Info.plist */,
				C39BF32921EBEC4800AA4E81 /* RPGMill.entitlements */,
			);
			path = RPGMill;
			sourceTree = "<group>";
		};
		C3DC33BC21F12A8500EA57F2 /* game classes */ = {
			isa = PBXGroup;
			children = (
				C3DC33BD21F12ADA00EA57F2 /* GameData.swift */,
				C301E70021F3D3C9006A6599 /* dataHolders.swift */,
				C3DC33BF21F12AEF00EA57F2 /* MapData.swift */,
				C3DC33C121F12AFC00EA57F2 /* CharacterPlayableData.swift */,
				C3DC33C321F12B0500EA57F2 /* CharacterUnplayableData.swift */,
				C3DC33C521F12B0F00EA57F2 /* LocationData.swift */,
			);
			name = "game classes";
			sourceTree = "<group>";
		};
/* End PBXGroup section */

/* Begin PBXNativeTarget section */
		C39BF31921EBEC4800AA4E81 /* RPGMill */ = {
			isa = PBXNativeTarget;
			buildConfigurationList = C39BF32C21EBEC4800AA4E81 /* Build configuration list for PBXNativeTarget "RPGMill" */;
			buildPhases = (
				C39BF31621EBEC4800AA4E81 /* Sources */,
				C39BF31721EBEC4800AA4E81 /* Frameworks */,
				C39BF31821EBEC4800AA4E81 /* Resources */,
			);
			buildRules = (
			);
			dependencies = (
			);
			name = RPGMill;
			productName = RPGMill;
			productReference = C39BF31A21EBEC4800AA4E81 /* RPGMill.app */;
			productType = "com.apple.product-type.application";
		};
/* End PBXNativeTarget section */

/* Begin PBXProject section */
		C39BF31221EBEC4800AA4E81 /* Project object */ = {
			isa = PBXProject;
			attributes = {
				LastSwiftUpdateCheck = 1010;
				LastUpgradeCheck = 1010;
				ORGANIZATIONNAME = "William Young";
				TargetAttributes = {
					C39BF31921EBEC4800AA4E81 = {
						CreatedOnToolsVersion = 10.1;
						SystemCapabilities = {
							com.apple.Sandbox = {
								enabled = 1;
							};
							com.apple.iCloud = {
								enabled = 0;
							};
						};
					};
				};
			};
			buildConfigurationList = C39BF31521EBEC4800AA4E81 /* Build configuration list for PBXProject "RPGMill" */;
			compatibilityVersion = "Xcode 9.3";
			developmentRegion = en;
			hasScannedForEncodings = 0;
			knownRegions = (
				en,
				Base,
			);
			mainGroup = C39BF31121EBEC4800AA4E81;
			productRefGroup = C39BF31B21EBEC4800AA4E81 /* Products */;
			projectDirPath = "";
			projectRoot = "";
			targets = (
				C39BF31921EBEC4800AA4E81 /* RPGMill */,
			);
		};
/* End PBXProject section */

/* Begin PBXResourcesBuildPhase section */
		C39BF31821EBEC4800AA4E81 /* Resources */ = {
			isa = PBXResourcesBuildPhase;
			buildActionMask = 2147483647;
			files = (
				C39BF32421EBEC4800AA4E81 /* Assets.xcassets in Resources */,
				C39BF32721EBEC4800AA4E81 /* Main.storyboard in Resources */,
			);
			runOnlyForDeploymentPostprocessing = 0;
		};
/* End PBXResourcesBuildPhase section */

/* Begin PBXSourcesBuildPhase section */
		C39BF31621EBEC4800AA4E81 /* Sources */ = {
			isa = PBXSourcesBuildPhase;
			buildActionMask = 2147483647;
			files = (
				C3DC33C621F12B0F00EA57F2 /* LocationData.swift in Sources */,
				C3DC33C421F12B0500EA57F2 /* CharacterUnplayableData.swift in Sources */,
				C39D308521F1960D00BDA668 /* OverviewItem.swift in Sources */,
				C39D308721F1D4F100BDA668 /* EditorViewController.swift in Sources */,
				C39BF32021EBEC4800AA4E81 /* ViewController.swift in Sources */,
				C3DC33BE21F12ADA00EA57F2 /* GameData.swift in Sources */,
				C39D308F21F3394500BDA668 /* AddGameElementButton.swift in Sources */,
				C349E9B921F446AD0080FD46 /* ErrorViewController.swift in Sources */,
				C39BF31E21EBEC4800AA4E81 /* AppDelegate.swift in Sources */,
				C39D308921F1DAEB00BDA668 /* MapEditorViewController.swift in Sources */,
				C301E70121F3D3C9006A6599 /* dataHolders.swift in Sources */,
				C349E9AE21F42B7F0080FD46 /* CharacterSheetViewController.swift in Sources */,
				C39D308B21F1DC4300BDA668 /* EditorTab.swift in Sources */,
				C349E9B021F42BEA0080FD46 /* CharacterGenericDataViewController.swift in Sources */,
				C301E70321F3E9C6006A6599 /* MapSheetViewController.swift in Sources */,
				C3DC33C021F12AEF00EA57F2 /* MapData.swift in Sources */,
				C39BF32221EBEC4800AA4E81 /* Document.swift in Sources */,
				C3DC33C221F12AFC00EA57F2 /* CharacterPlayableData.swift in Sources */,
				C349E9BC21F44A7D0080FD46 /* CharacterEditorViewController.swift in Sources */,
			);
			runOnlyForDeploymentPostprocessing = 0;
		};
/* End PBXSourcesBuildPhase section */

/* Begin PBXVariantGroup section */
		C39BF32521EBEC4800AA4E81 /* Main.storyboard */ = {
			isa = PBXVariantGroup;
			children = (
				C39BF32621EBEC4800AA4E81 /* Base */,
			);
			name = Main.storyboard;
			sourceTree = "<group>";
		};
/* End PBXVariantGroup section */

/* Begin XCBuildConfiguration section */
		C39BF32A21EBEC4800AA4E81 /* Debug */ = {
			isa = XCBuildConfiguration;
			buildSettings = {
				ALWAYS_SEARCH_USER_PATHS = NO;
				CLANG_ANALYZER_NONNULL = YES;
				CLANG_ANALYZER_NUMBER_OBJECT_CONVERSION = YES_AGGRESSIVE;
				CLANG_CXX_LANGUAGE_STANDARD = "gnu++14";
				CLANG_CXX_LIBRARY = "libc++";
				CLANG_ENABLE_MODULES = YES;
				CLANG_ENABLE_OBJC_ARC = YES;
				CLANG_ENABLE_OBJC_WEAK = YES;
				CLANG_WARN_BLOCK_CAPTURE_AUTORELEASING = YES;
				CLANG_WARN_BOOL_CONVERSION = YES;
				CLANG_WARN_COMMA = YES;
				CLANG_WARN_CONSTANT_CONVERSION = YES;
				CLANG_WARN_DEPRECATED_OBJC_IMPLEMENTATIONS = YES;
				CLANG_WARN_DIRECT_OBJC_ISA_USAGE = YES_ERROR;
				CLANG_WARN_DOCUMENTATION_COMMENTS = YES;
				CLANG_WARN_EMPTY_BODY = YES;
				CLANG_WARN_ENUM_CONVERSION = YES;
				CLANG_WARN_INFINITE_RECURSION = YES;
				CLANG_WARN_INT_CONVERSION = YES;
				CLANG_WARN_NON_LITERAL_NULL_CONVERSION = YES;
				CLANG_WARN_OBJC_IMPLICIT_RETAIN_SELF = YES;
				CLANG_WARN_OBJC_LITERAL_CONVERSION = YES;
				CLANG_WARN_OBJC_ROOT_CLASS = YES_ERROR;
				CLANG_WARN_RANGE_LOOP_ANALYSIS = YES;
				CLANG_WARN_STRICT_PROTOTYPES = YES;
				CLANG_WARN_SUSPICIOUS_MOVE = YES;
				CLANG_WARN_UNGUARDED_AVAILABILITY = YES_AGGRESSIVE;
				CLANG_WARN_UNREACHABLE_CODE = YES;
				CLANG_WARN__DUPLICATE_METHOD_MATCH = YES;
				CODE_SIGN_IDENTITY = "-";
				COPY_PHASE_STRIP = NO;
				DEBUG_INFORMATION_FORMAT = dwarf;
				ENABLE_STRICT_OBJC_MSGSEND = YES;
				ENABLE_TESTABILITY = YES;
				GCC_C_LANGUAGE_STANDARD = gnu11;
				GCC_DYNAMIC_NO_PIC = NO;
				GCC_NO_COMMON_BLOCKS = YES;
				GCC_OPTIMIZATION_LEVEL = 0;
				GCC_PREPROCESSOR_DEFINITIONS = (
					"DEBUG=1",
					"$(inherited)",
				);
				GCC_WARN_64_TO_32_BIT_CONVERSION = YES;
				GCC_WARN_ABOUT_RETURN_TYPE = YES_ERROR;
				GCC_WARN_UNDECLARED_SELECTOR = YES;
				GCC_WARN_UNINITIALIZED_AUTOS = YES_AGGRESSIVE;
				GCC_WARN_UNUSED_FUNCTION = YES;
				GCC_WARN_UNUSED_VARIABLE = YES;
				MACOSX_DEPLOYMENT_TARGET = 10.14;
				MTL_ENABLE_DEBUG_INFO = INCLUDE_SOURCE;
				MTL_FAST_MATH = YES;
				ONLY_ACTIVE_ARCH = YES;
				SDKROOT = macosx;
				SWIFT_ACTIVE_COMPILATION_CONDITIONS = DEBUG;
				SWIFT_OPTIMIZATION_LEVEL = "-Onone";
			};
			name = Debug;
		};
		C39BF32B21EBEC4800AA4E81 /* Release */ = {
			isa = XCBuildConfiguration;
			buildSettings = {
				ALWAYS_SEARCH_USER_PATHS = NO;
				CLANG_ANALYZER_NONNULL = YES;
				CLANG_ANALYZER_NUMBER_OBJECT_CONVERSION = YES_AGGRESSIVE;
				CLANG_CXX_LANGUAGE_STANDARD = "gnu++14";
				CLANG_CXX_LIBRARY = "libc++";
				CLANG_ENABLE_MODULES = YES;
				CLANG_ENABLE_OBJC_ARC = YES;
				CLANG_ENABLE_OBJC_WEAK = YES;
				CLANG_WARN_BLOCK_CAPTURE_AUTORELEASING = YES;
				CLANG_WARN_BOOL_CONVERSION = YES;
				CLANG_WARN_COMMA = YES;
				CLANG_WARN_CONSTANT_CONVERSION = YES;
				CLANG_WARN_DEPRECATED_OBJC_IMPLEMENTATIONS = YES;
				CLANG_WARN_DIRECT_OBJC_ISA_USAGE = YES_ERROR;
				CLANG_WARN_DOCUMENTATION_COMMENTS = YES;
				CLANG_WARN_EMPTY_BODY = YES;
				CLANG_WARN_ENUM_CONVERSION = YES;
				CLANG_WARN_INFINITE_RECURSION = YES;
				CLANG_WARN_INT_CONVERSION = YES;
				CLANG_WARN_NON_LITERAL_NULL_CONVERSION = YES;
				CLANG_WARN_OBJC_IMPLICIT_RETAIN_SELF = YES;
				CLANG_WARN_OBJC_LITERAL_CONVERSION = YES;
				CLANG_WARN_OBJC_ROOT_CLASS = YES_ERROR;
				CLANG_WARN_RANGE_LOOP_ANALYSIS = YES;
				CLANG_WARN_STRICT_PROTOTYPES = YES;
				CLANG_WARN_SUSPICIOUS_MOVE = YES;
				CLANG_WARN_UNGUARDED_AVAILABILITY = YES_AGGRESSIVE;
				CLANG_WARN_UNREACHABLE_CODE = YES;
				CLANG_WARN__DUPLICATE_METHOD_MATCH = YES;
				CODE_SIGN_IDENTITY = "-";
				COPY_PHASE_STRIP = NO;
				DEBUG_INFORMATION_FORMAT = "dwarf-with-dsym";
				ENABLE_NS_ASSERTIONS = NO;
				ENABLE_STRICT_OBJC_MSGSEND = YES;
				GCC_C_LANGUAGE_STANDARD = gnu11;
				GCC_NO_COMMON_BLOCKS = YES;
				GCC_WARN_64_TO_32_BIT_CONVERSION = YES;
				GCC_WARN_ABOUT_RETURN_TYPE = YES_ERROR;
				GCC_WARN_UNDECLARED_SELECTOR = YES;
				GCC_WARN_UNINITIALIZED_AUTOS = YES_AGGRESSIVE;
				GCC_WARN_UNUSED_FUNCTION = YES;
				GCC_WARN_UNUSED_VARIABLE = YES;
				MACOSX_DEPLOYMENT_TARGET = 10.14;
				MTL_ENABLE_DEBUG_INFO = NO;
				MTL_FAST_MATH = YES;
				SDKROOT = macosx;
				SWIFT_COMPILATION_MODE = wholemodule;
				SWIFT_OPTIMIZATION_LEVEL = "-O";
			};
			name = Release;
		};
		C39BF32D21EBEC4800AA4E81 /* Debug */ = {
			isa = XCBuildConfiguration;
			buildSettings = {
				ASSETCATALOG_COMPILER_APPICON_NAME = AppIcon;
				CODE_SIGN_ENTITLEMENTS = RPGMill/RPGMill.entitlements;
				CODE_SIGN_IDENTITY = "Mac Developer";
				CODE_SIGN_STYLE = Automatic;
				COMBINE_HIDPI_IMAGES = YES;
				DEVELOPMENT_TEAM = A5T2STVXS3;
				INFOPLIST_FILE = RPGMill/Info.plist;
				LD_RUNPATH_SEARCH_PATHS = (
					"$(inherited)",
					"@executable_path/../Frameworks",
				);
				PRODUCT_BUNDLE_IDENTIFIER = unstable.tech.RPGMill;
				PRODUCT_NAME = "$(TARGET_NAME)";
				PROVISIONING_PROFILE_SPECIFIER = "";
				SWIFT_VERSION = 4.2;
			};
			name = Debug;
		};
		C39BF32E21EBEC4800AA4E81 /* Release */ = {
			isa = XCBuildConfiguration;
			buildSettings = {
				ASSETCATALOG_COMPILER_APPICON_NAME = AppIcon;
				CODE_SIGN_ENTITLEMENTS = RPGMill/RPGMill.entitlements;
				CODE_SIGN_IDENTITY = "Mac Developer";
				CODE_SIGN_STYLE = Automatic;
				COMBINE_HIDPI_IMAGES = YES;
				DEVELOPMENT_TEAM = A5T2STVXS3;
				INFOPLIST_FILE = RPGMill/Info.plist;
				LD_RUNPATH_SEARCH_PATHS = (
					"$(inherited)",
					"@executable_path/../Frameworks",
				);
				PRODUCT_BUNDLE_IDENTIFIER = unstable.tech.RPGMill;
				PRODUCT_NAME = "$(TARGET_NAME)";
				PROVISIONING_PROFILE_SPECIFIER = "";
				SWIFT_VERSION = 4.2;
			};
			name = Release;
		};
/* End XCBuildConfiguration section */

/* Begin XCConfigurationList section */
		C39BF31521EBEC4800AA4E81 /* Build configuration list for PBXProject "RPGMill" */ = {
			isa = XCConfigurationList;
			buildConfigurations = (
				C39BF32A21EBEC4800AA4E81 /* Debug */,
				C39BF32B21EBEC4800AA4E81 /* Release */,
			);
			defaultConfigurationIsVisible = 0;
			defaultConfigurationName = Release;
		};
		C39BF32C21EBEC4800AA4E81 /* Build configuration list for PBXNativeTarget "RPGMill" */ = {
			isa = XCConfigurationList;
			buildConfigurations = (
				C39BF32D21EBEC4800AA4E81 /* Debug */,
				C39BF32E21EBEC4800AA4E81 /* Release */,
			);
			defaultConfigurationIsVisible = 0;
			defaultConfigurationName = Release;
		};
/* End XCConfigurationList section */
	};
	rootObject = C39BF31221EBEC4800AA4E81 /* Project object */;
}
